
Microsoft Visual Studio Solution File, Format Version 12.00
# Visual Studio Version 16
VisualStudioVersion = 16.0.29009.5
MinimumVisualStudioVersion = 10.0.40219.1
Project("{FAE04EC0-301F-11D3-BF4B-00C04F79EFBC}") = "dnSpy Restart as", "dnSpy Restart as\dnSpy Restart as.csproj", "{B7092AE1-00F6-43A3-AB09-766196B162CF}"
EndProject
Global
	GlobalSection(SolutionConfigurationPlatforms) = preSolution
		Debug|Any CPU = Debug|Any CPU
		Release|Any CPU = Release|Any CPU
	EndGlobalSection
	GlobalSection(ProjectConfigurationPlatforms) = postSolution
		{B7092AE1-00F6-43A3-AB09-766196B162CF}.Debug|Any CPU.ActiveCfg = Debug|Any CPU
		{B7092AE1-00F6-43A3-AB09-766196B162CF}.Debug|Any CPU.Build.0 = Debug|Any CPU
		{B7092AE1-00F6-43A3-AB09-766196B162CF}.Release|Any CPU.ActiveCfg = Release|Any CPU
		{B7092AE1-00F6-43A3-AB09-766196B162CF}.Release|Any CPU.Build.0 = Release|Any CPU
	EndGlobalSection
	GlobalSection(SolutionProperties) = preSolution
		HideSolutionNode = FALSE
	EndGlobalSection
	GlobalSection(ExtensibilityGlobals) = postSolution
		SolutionGuid = {94F1626F-4E2C-459D-8EC1-0D654095B1D4}
	EndGlobalSection
EndGlobal
